
Microsoft Visual Studio Solution File, Format Version 12.00
# Visual Studio Version 17
VisualStudioVersion = 17.9.34616.47
MinimumVisualStudioVersion = 10.0.40219.1
Project("{FAE04EC0-301F-11D3-BF4B-00C04F79EFBC}") = "NAJNOVO", "NAJNOVO\NAJNOVO.csproj", "{B19BE38C-2C3C-4164-B0E9-EAB31F6F2E8C}"
EndProject
Global
	GlobalSection(SolutionConfigurationPlatforms) = preSolution
		Debug|Any CPU = Debug|Any CPU
		Release|Any CPU = Release|Any CPU
	EndGlobalSection
	GlobalSection(ProjectConfigurationPlatforms) = postSolution
		{B19BE38C-2C3C-4164-B0E9-EAB31F6F2E8C}.Debug|Any CPU.ActiveCfg = Debug|Any CPU
		{B19BE38C-2C3C-4164-B0E9-EAB31F6F2E8C}.Debug|Any CPU.Build.0 = Debug|Any CPU
		{B19BE38C-2C3C-4164-B0E9-EAB31F6F2E8C}.Release|Any CPU.ActiveCfg = Release|Any CPU
		{B19BE38C-2C3C-4164-B0E9-EAB31F6F2E8C}.Release|Any CPU.Build.0 = Release|Any CPU
	EndGlobalSection
	GlobalSection(SolutionProperties) = preSolution
		HideSolutionNode = FALSE
	EndGlobalSection
	GlobalSection(ExtensibilityGlobals) = postSolution
		SolutionGuid = {A15E8C29-F6B7-4FF3-A118-8C7ABA783A21}
	EndGlobalSection
EndGlobal
